
Microsoft Visual Studio Solution File, Format Version 12.00
# Visual Studio 14
VisualStudioVersion = 14.0.23107.0
MinimumVisualStudioVersion = 10.0.40219.1
Project("{FAE04EC0-301F-11D3-BF4B-00C04F79EFBC}") = "AutoUpdater", "AutoUpdater\AutoUpdater.csproj", "{4BA4719C-C6AB-49BA-9754-848CA24C1FD6}"
EndProject
Project("{FAE04EC0-301F-11D3-BF4B-00C04F79EFBC}") = "BuildXML", "BuildXML\BuildXML.csproj", "{B106D05C-26FF-4D40-8C26-03B4E91F55A7}"
EndProject
Project("{FAE04EC0-301F-11D3-BF4B-00C04F79EFBC}") = "AutoUpdaterTest", "AutoUpdaterTest\AutoUpdaterTest.csproj", "{7A3CAF1D-07A6-4CF9-AC8B-7A2B622D4356}"
EndProject
Global
	GlobalSection(SolutionConfigurationPlatforms) = preSolution
		Debug|Any CPU = Debug|Any CPU
		Release|Any CPU = Release|Any CPU
	EndGlobalSection
	GlobalSection(ProjectConfigurationPlatforms) = postSolution
		{4BA4719C-C6AB-49BA-9754-848CA24C1FD6}.Debug|Any CPU.ActiveCfg = Debug|Any CPU
		{4BA4719C-C6AB-49BA-9754-848CA24C1FD6}.Debug|Any CPU.Build.0 = Debug|Any CPU
		{4BA4719C-C6AB-49BA-9754-848CA24C1FD6}.Release|Any CPU.ActiveCfg = Release|Any CPU
		{4BA4719C-C6AB-49BA-9754-848CA24C1FD6}.Release|Any CPU.Build.0 = Release|Any CPU
		{B106D05C-26FF-4D40-8C26-03B4E91F55A7}.Debug|Any CPU.ActiveCfg = Debug|Any CPU
		{B106D05C-26FF-4D40-8C26-03B4E91F55A7}.Debug|Any CPU.Build.0 = Debug|Any CPU
		{B106D05C-26FF-4D40-8C26-03B4E91F55A7}.Release|Any CPU.ActiveCfg = Release|Any CPU
		{B106D05C-26FF-4D40-8C26-03B4E91F55A7}.Release|Any CPU.Build.0 = Release|Any CPU
		{7A3CAF1D-07A6-4CF9-AC8B-7A2B622D4356}.Debug|Any CPU.ActiveCfg = Debug|Any CPU
		{7A3CAF1D-07A6-4CF9-AC8B-7A2B622D4356}.Debug|Any CPU.Build.0 = Debug|Any CPU
		{7A3CAF1D-07A6-4CF9-AC8B-7A2B622D4356}.Release|Any CPU.ActiveCfg = Release|Any CPU
		{7A3CAF1D-07A6-4CF9-AC8B-7A2B622D4356}.Release|Any CPU.Build.0 = Release|Any CPU
	EndGlobalSection
	GlobalSection(SolutionProperties) = preSolution
		HideSolutionNode = FALSE
	EndGlobalSection
EndGlobal
